
Microsoft Visual Studio Solution File, Format Version 12.00
# Visual Studio Version 17
VisualStudioVersion = 17.4.33205.214
MinimumVisualStudioVersion = 10.0.40219.1
Project("{FAE04EC0-301F-11D3-BF4B-00C04F79EFBC}") = "project 5", "project 5\project 5.csproj", "{665D1B93-86DE-4505-A945-0B576C8C10CB}"
EndProject
Global
	GlobalSection(SolutionConfigurationPlatforms) = preSolution
		Debug|Any CPU = Debug|Any CPU
		Release|Any CPU = Release|Any CPU
	EndGlobalSection
	GlobalSection(ProjectConfigurationPlatforms) = postSolution
		{665D1B93-86DE-4505-A945-0B576C8C10CB}.Debug|Any CPU.ActiveCfg = Debug|Any CPU
		{665D1B93-86DE-4505-A945-0B576C8C10CB}.Debug|Any CPU.Build.0 = Debug|Any CPU
		{665D1B93-86DE-4505-A945-0B576C8C10CB}.Release|Any CPU.ActiveCfg = Release|Any CPU
		{665D1B93-86DE-4505-A945-0B576C8C10CB}.Release|Any CPU.Build.0 = Release|Any CPU
	EndGlobalSection
	GlobalSection(SolutionProperties) = preSolution
		HideSolutionNode = FALSE
	EndGlobalSection
	GlobalSection(ExtensibilityGlobals) = postSolution
		SolutionGuid = {186BC8E5-C120-485A-B772-D9F51E460D54}
	EndGlobalSection
EndGlobal
